
Microsoft Visual Studio Solution File, Format Version 12.00
# Visual Studio 2012
Project("{FAE04EC0-301F-11D3-BF4B-00C04F79EFBC}") = "PathsenseAndroidSdkGeofencingXamarin", "PathsenseAndroidSdkGeofencingXamarin\PathsenseAndroidSdkGeofencingXamarin.csproj", "{2E03A744-EF10-4AEC-AB0B-159FDE026589}"
EndProject
Global
	GlobalSection(SolutionConfigurationPlatforms) = preSolution
		Debug|Any CPU = Debug|Any CPU
		Release|Any CPU = Release|Any CPU
	EndGlobalSection
	GlobalSection(ProjectConfigurationPlatforms) = postSolution
		{2E03A744-EF10-4AEC-AB0B-159FDE026589}.Debug|Any CPU.ActiveCfg = Debug|Any CPU
		{2E03A744-EF10-4AEC-AB0B-159FDE026589}.Debug|Any CPU.Build.0 = Debug|Any CPU
		{2E03A744-EF10-4AEC-AB0B-159FDE026589}.Release|Any CPU.ActiveCfg = Release|Any CPU
		{2E03A744-EF10-4AEC-AB0B-159FDE026589}.Release|Any CPU.Build.0 = Release|Any CPU
	EndGlobalSection
EndGlobal
